
Microsoft Visual Studio Solution File, Format Version 12.00
# Visual Studio Version 16
VisualStudioVersion = 16.0.30114.105
MinimumVisualStudioVersion = 10.0.40219.1
Project("{2150E333-8FDC-42A3-9474-1A3956D46DE8}") = "src", "src", "{34473CE2-211E-47C4-BA70-68A53CDA90EF}"
EndProject
Project("{9A19103F-16F7-4668-BE54-9A1E7A4F7556}") = "AuthoBson", "src\AuthoBson\AuthoBson.csproj", "{2CE81BF6-5673-41DD-9986-0265379F7C70}"
EndProject
Project("{2150E333-8FDC-42A3-9474-1A3956D46DE8}") = "test", "test", "{87D8CC6C-312B-4F90-AF80-06414466243A}"
EndProject
Project("{9A19103F-16F7-4668-BE54-9A1E7A4F7556}") = "AuthoBson.Test", "test\AuthoBson.Test\AuthoBson.Test.csproj", "{6806D8D2-1BC4-42FF-AFBB-528002644E27}"
EndProject
Project("{FAE04EC0-301F-11D3-BF4B-00C04F79EFBC}") = "AuthoBson.IntegrationTest", "test\AuthoBson.IntegrationTest\AuthoBson.IntegrationTest.csproj", "{9AAD5F02-0FE4-4FBD-8E74-F2F28A8EA60B}"
EndProject
Project("{FAE04EC0-301F-11D3-BF4B-00C04F79EFBC}") = "AuthoBson.Messaging", "src\AuthoBson.Messaging\AuthoBson.Messaging.csproj", "{C505E881-34C6-45E3-B1B6-0A003C3E1250}"
EndProject
Project("{FAE04EC0-301F-11D3-BF4B-00C04F79EFBC}") = "AuthoBson.Shared", "src\AuthoBson.Shared\AuthoBson.Shared.csproj", "{5D919580-AECD-4EB1-BB66-74E5784BCEE1}"
EndProject
Global
	GlobalSection(SolutionConfigurationPlatforms) = preSolution
		Debug|Any CPU = Debug|Any CPU
		Debug|x64 = Debug|x64
		Debug|x86 = Debug|x86
		Release|Any CPU = Release|Any CPU
		Release|x64 = Release|x64
		Release|x86 = Release|x86
	EndGlobalSection
	GlobalSection(ProjectConfigurationPlatforms) = postSolution
		{2CE81BF6-5673-41DD-9986-0265379F7C70}.Debug|Any CPU.ActiveCfg = Debug|Any CPU
		{2CE81BF6-5673-41DD-9986-0265379F7C70}.Debug|Any CPU.Build.0 = Debug|Any CPU
		{2CE81BF6-5673-41DD-9986-0265379F7C70}.Debug|x64.ActiveCfg = Debug|Any CPU
		{2CE81BF6-5673-41DD-9986-0265379F7C70}.Debug|x64.Build.0 = Debug|Any CPU
		{2CE81BF6-5673-41DD-9986-0265379F7C70}.Debug|x86.ActiveCfg = Debug|Any CPU
		{2CE81BF6-5673-41DD-9986-0265379F7C70}.Debug|x86.Build.0 = Debug|Any CPU
		{2CE81BF6-5673-41DD-9986-0265379F7C70}.Release|Any CPU.ActiveCfg = Release|Any CPU
		{2CE81BF6-5673-41DD-9986-0265379F7C70}.Release|Any CPU.Build.0 = Release|Any CPU
		{2CE81BF6-5673-41DD-9986-0265379F7C70}.Release|x64.ActiveCfg = Release|Any CPU
		{2CE81BF6-5673-41DD-9986-0265379F7C70}.Release|x64.Build.0 = Release|Any CPU
		{2CE81BF6-5673-41DD-9986-0265379F7C70}.Release|x86.ActiveCfg = Release|Any CPU
		{2CE81BF6-5673-41DD-9986-0265379F7C70}.Release|x86.Build.0 = Release|Any CPU
		{6806D8D2-1BC4-42FF-AFBB-528002644E27}.Debug|Any CPU.ActiveCfg = Debug|Any CPU
		{6806D8D2-1BC4-42FF-AFBB-528002644E27}.Debug|Any CPU.Build.0 = Debug|Any CPU
		{6806D8D2-1BC4-42FF-AFBB-528002644E27}.Debug|x64.ActiveCfg = Debug|Any CPU
		{6806D8D2-1BC4-42FF-AFBB-528002644E27}.Debug|x64.Build.0 = Debug|Any CPU
		{6806D8D2-1BC4-42FF-AFBB-528002644E27}.Debug|x86.ActiveCfg = Debug|Any CPU
		{6806D8D2-1BC4-42FF-AFBB-528002644E27}.Debug|x86.Build.0 = Debug|Any CPU
		{6806D8D2-1BC4-42FF-AFBB-528002644E27}.Release|Any CPU.ActiveCfg = Release|Any CPU
		{6806D8D2-1BC4-42FF-AFBB-528002644E27}.Release|Any CPU.Build.0 = Release|Any CPU
		{6806D8D2-1BC4-42FF-AFBB-528002644E27}.Release|x64.ActiveCfg = Release|Any CPU
		{6806D8D2-1BC4-42FF-AFBB-528002644E27}.Release|x64.Build.0 = Release|Any CPU
		{6806D8D2-1BC4-42FF-AFBB-528002644E27}.Release|x86.ActiveCfg = Release|Any CPU
		{6806D8D2-1BC4-42FF-AFBB-528002644E27}.Release|x86.Build.0 = Release|Any CPU
		{9AAD5F02-0FE4-4FBD-8E74-F2F28A8EA60B}.Debug|Any CPU.ActiveCfg = Debug|Any CPU
		{9AAD5F02-0FE4-4FBD-8E74-F2F28A8EA60B}.Debug|Any CPU.Build.0 = Debug|Any CPU
		{9AAD5F02-0FE4-4FBD-8E74-F2F28A8EA60B}.Debug|x64.ActiveCfg = Debug|Any CPU
		{9AAD5F02-0FE4-4FBD-8E74-F2F28A8EA60B}.Debug|x64.Build.0 = Debug|Any CPU
		{9AAD5F02-0FE4-4FBD-8E74-F2F28A8EA60B}.Debug|x86.ActiveCfg = Debug|Any CPU
		{9AAD5F02-0FE4-4FBD-8E74-F2F28A8EA60B}.Debug|x86.Build.0 = Debug|Any CPU
		{9AAD5F02-0FE4-4FBD-8E74-F2F28A8EA60B}.Release|Any CPU.ActiveCfg = Release|Any CPU
		{9AAD5F02-0FE4-4FBD-8E74-F2F28A8EA60B}.Release|Any CPU.Build.0 = Release|Any CPU
		{9AAD5F02-0FE4-4FBD-8E74-F2F28A8EA60B}.Release|x64.ActiveCfg = Release|Any CPU
		{9AAD5F02-0FE4-4FBD-8E74-F2F28A8EA60B}.Release|x64.Build.0 = Release|Any CPU
		{9AAD5F02-0FE4-4FBD-8E74-F2F28A8EA60B}.Release|x86.ActiveCfg = Release|Any CPU
		{9AAD5F02-0FE4-4FBD-8E74-F2F28A8EA60B}.Release|x86.Build.0 = Release|Any CPU
		{C505E881-34C6-45E3-B1B6-0A003C3E1250}.Debug|Any CPU.ActiveCfg = Debug|Any CPU
		{C505E881-34C6-45E3-B1B6-0A003C3E1250}.Debug|Any CPU.Build.0 = Debug|Any CPU
		{C505E881-34C6-45E3-B1B6-0A003C3E1250}.Debug|x64.ActiveCfg = Debug|Any CPU
		{C505E881-34C6-45E3-B1B6-0A003C3E1250}.Debug|x64.Build.0 = Debug|Any CPU
		{C505E881-34C6-45E3-B1B6-0A003C3E1250}.Debug|x86.ActiveCfg = Debug|Any CPU
		{C505E881-34C6-45E3-B1B6-0A003C3E1250}.Debug|x86.Build.0 = Debug|Any CPU
		{C505E881-34C6-45E3-B1B6-0A003C3E1250}.Release|Any CPU.ActiveCfg = Release|Any CPU
		{C505E881-34C6-45E3-B1B6-0A003C3E1250}.Release|Any CPU.Build.0 = Release|Any CPU
		{C505E881-34C6-45E3-B1B6-0A003C3E1250}.Release|x64.ActiveCfg = Release|Any CPU
		{C505E881-34C6-45E3-B1B6-0A003C3E1250}.Release|x64.Build.0 = Release|Any CPU
		{C505E881-34C6-45E3-B1B6-0A003C3E1250}.Release|x86.ActiveCfg = Release|Any CPU
		{C505E881-34C6-45E3-B1B6-0A003C3E1250}.Release|x86.Build.0 = Release|Any CPU
		{5D919580-AECD-4EB1-BB66-74E5784BCEE1}.Debug|Any CPU.ActiveCfg = Debug|Any CPU
		{5D919580-AECD-4EB1-BB66-74E5784BCEE1}.Debug|Any CPU.Build.0 = Debug|Any CPU
		{5D919580-AECD-4EB1-BB66-74E5784BCEE1}.Debug|x64.ActiveCfg = Debug|Any CPU
		{5D919580-AECD-4EB1-BB66-74E5784BCEE1}.Debug|x64.Build.0 = Debug|Any CPU
		{5D919580-AECD-4EB1-BB66-74E5784BCEE1}.Debug|x86.ActiveCfg = Debug|Any CPU
		{5D919580-AECD-4EB1-BB66-74E5784BCEE1}.Debug|x86.Build.0 = Debug|Any CPU
		{5D919580-AECD-4EB1-BB66-74E5784BCEE1}.Release|Any CPU.ActiveCfg = Release|Any CPU
		{5D919580-AECD-4EB1-BB66-74E5784BCEE1}.Release|Any CPU.Build.0 = Release|Any CPU
		{5D919580-AECD-4EB1-BB66-74E5784BCEE1}.Release|x64.ActiveCfg = Release|Any CPU
		{5D919580-AECD-4EB1-BB66-74E5784BCEE1}.Release|x64.Build.0 = Release|Any CPU
		{5D919580-AECD-4EB1-BB66-74E5784BCEE1}.Release|x86.ActiveCfg = Release|Any CPU
		{5D919580-AECD-4EB1-BB66-74E5784BCEE1}.Release|x86.Build.0 = Release|Any CPU
	EndGlobalSection
	GlobalSection(SolutionProperties) = preSolution
		HideSolutionNode = FALSE
	EndGlobalSection
	GlobalSection(NestedProjects) = preSolution
		{2CE81BF6-5673-41DD-9986-0265379F7C70} = {34473CE2-211E-47C4-BA70-68A53CDA90EF}
		{6806D8D2-1BC4-42FF-AFBB-528002644E27} = {87D8CC6C-312B-4F90-AF80-06414466243A}
		{9AAD5F02-0FE4-4FBD-8E74-F2F28A8EA60B} = {87D8CC6C-312B-4F90-AF80-06414466243A}
		{C505E881-34C6-45E3-B1B6-0A003C3E1250} = {34473CE2-211E-47C4-BA70-68A53CDA90EF}
		{5D919580-AECD-4EB1-BB66-74E5784BCEE1} = {34473CE2-211E-47C4-BA70-68A53CDA90EF}
	EndGlobalSection
	GlobalSection(ExtensibilityGlobals) = postSolution
		SolutionGuid = {C0657CEF-8506-4ACF-942C-FF7D24850D39}
	EndGlobalSection
EndGlobal
